
Microsoft Visual Studio Solution File, Format Version 12.00
# Visual Studio 15
VisualStudioVersion = 15.0.28307.645
MinimumVisualStudioVersion = 10.0.40219.1
Project("{9A19103F-16F7-4668-BE54-9A1E7A4F7556}") = "WebHook", "WebHook\WebHook.csproj", "{2E265CF8-3B1C-4128-B363-49B6101CF886}"
EndProject
Project("{9A19103F-16F7-4668-BE54-9A1E7A4F7556}") = "WebHook.Tests", "WebHook.Tests\WebHook.Tests.csproj", "{D354D011-89FF-4C59-8343-43AA944BD22F}"
EndProject
Global
	GlobalSection(SolutionConfigurationPlatforms) = preSolution
		Debug|Any CPU = Debug|Any CPU
		Release|Any CPU = Release|Any CPU
	EndGlobalSection
	GlobalSection(ProjectConfigurationPlatforms) = postSolution
		{2E265CF8-3B1C-4128-B363-49B6101CF886}.Debug|Any CPU.ActiveCfg = Debug|Any CPU
		{2E265CF8-3B1C-4128-B363-49B6101CF886}.Debug|Any CPU.Build.0 = Debug|Any CPU
		{2E265CF8-3B1C-4128-B363-49B6101CF886}.Release|Any CPU.ActiveCfg = Release|Any CPU
		{2E265CF8-3B1C-4128-B363-49B6101CF886}.Release|Any CPU.Build.0 = Release|Any CPU
		{D354D011-89FF-4C59-8343-43AA944BD22F}.Debug|Any CPU.ActiveCfg = Debug|Any CPU
		{D354D011-89FF-4C59-8343-43AA944BD22F}.Debug|Any CPU.Build.0 = Debug|Any CPU
		{D354D011-89FF-4C59-8343-43AA944BD22F}.Release|Any CPU.ActiveCfg = Release|Any CPU
		{D354D011-89FF-4C59-8343-43AA944BD22F}.Release|Any CPU.Build.0 = Release|Any CPU
	EndGlobalSection
	GlobalSection(SolutionProperties) = preSolution
		HideSolutionNode = FALSE
	EndGlobalSection
	GlobalSection(ExtensibilityGlobals) = postSolution
		SolutionGuid = {386002F4-ABFC-4FF4-A09E-6808078DA382}
	EndGlobalSection
EndGlobal
